
Microsoft Visual Studio Solution File, Format Version 12.00
# Visual Studio 15
Project("{D954291E-2A0B-460D-934E-DC6B0785DB48}") = "hello_world", "hello_world\hello_world.shproj", "{FB2EA3B8-1DF0-4B37-8FA8-2DC2E55E462D}"
EndProject
Project("{FAE04EC0-301F-11D3-BF4B-00C04F79EFBC}") = "hello_world.Droid", "Droid\hello_world.Droid.csproj", "{8EE31A76-2374-41A7-9D75-BDC469B38E68}"
EndProject
Project("{FAE04EC0-301F-11D3-BF4B-00C04F79EFBC}") = "hello_world.iOS", "iOS\hello_world.iOS.csproj", "{ED3324E9-C0C4-46C3-91A1-D46E3A06D8AC}"
EndProject
Global
	GlobalSection(SolutionConfigurationPlatforms) = preSolution
		Debug|Any CPU = Debug|Any CPU
		Release|Any CPU = Release|Any CPU
		Debug|iPhoneSimulator = Debug|iPhoneSimulator
		Release|iPhone = Release|iPhone
		Release|iPhoneSimulator = Release|iPhoneSimulator
		Debug|iPhone = Debug|iPhone
	EndGlobalSection
	GlobalSection(ProjectConfigurationPlatforms) = postSolution
		{8EE31A76-2374-41A7-9D75-BDC469B38E68}.Debug|Any CPU.ActiveCfg = Debug|Any CPU
		{8EE31A76-2374-41A7-9D75-BDC469B38E68}.Debug|Any CPU.Build.0 = Debug|Any CPU
		{8EE31A76-2374-41A7-9D75-BDC469B38E68}.Release|Any CPU.ActiveCfg = Release|Any CPU
		{8EE31A76-2374-41A7-9D75-BDC469B38E68}.Release|Any CPU.Build.0 = Release|Any CPU
		{8EE31A76-2374-41A7-9D75-BDC469B38E68}.Debug|iPhoneSimulator.ActiveCfg = Debug|Any CPU
		{8EE31A76-2374-41A7-9D75-BDC469B38E68}.Debug|iPhoneSimulator.Build.0 = Debug|Any CPU
		{8EE31A76-2374-41A7-9D75-BDC469B38E68}.Release|iPhone.ActiveCfg = Release|Any CPU
		{8EE31A76-2374-41A7-9D75-BDC469B38E68}.Release|iPhone.Build.0 = Release|Any CPU
		{8EE31A76-2374-41A7-9D75-BDC469B38E68}.Release|iPhoneSimulator.ActiveCfg = Release|Any CPU
		{8EE31A76-2374-41A7-9D75-BDC469B38E68}.Release|iPhoneSimulator.Build.0 = Release|Any CPU
		{8EE31A76-2374-41A7-9D75-BDC469B38E68}.Debug|iPhone.ActiveCfg = Debug|Any CPU
		{8EE31A76-2374-41A7-9D75-BDC469B38E68}.Debug|iPhone.Build.0 = Debug|Any CPU
		{ED3324E9-C0C4-46C3-91A1-D46E3A06D8AC}.Debug|Any CPU.ActiveCfg = Debug|iPhoneSimulator
		{ED3324E9-C0C4-46C3-91A1-D46E3A06D8AC}.Debug|Any CPU.Build.0 = Debug|iPhoneSimulator
		{ED3324E9-C0C4-46C3-91A1-D46E3A06D8AC}.Release|Any CPU.ActiveCfg = Release|iPhone
		{ED3324E9-C0C4-46C3-91A1-D46E3A06D8AC}.Release|Any CPU.Build.0 = Release|iPhone
		{ED3324E9-C0C4-46C3-91A1-D46E3A06D8AC}.Debug|iPhoneSimulator.ActiveCfg = Debug|iPhoneSimulator
		{ED3324E9-C0C4-46C3-91A1-D46E3A06D8AC}.Debug|iPhoneSimulator.Build.0 = Debug|iPhoneSimulator
		{ED3324E9-C0C4-46C3-91A1-D46E3A06D8AC}.Release|iPhone.ActiveCfg = Release|iPhone
		{ED3324E9-C0C4-46C3-91A1-D46E3A06D8AC}.Release|iPhone.Build.0 = Release|iPhone
		{ED3324E9-C0C4-46C3-91A1-D46E3A06D8AC}.Release|iPhoneSimulator.ActiveCfg = Release|iPhoneSimulator
		{ED3324E9-C0C4-46C3-91A1-D46E3A06D8AC}.Release|iPhoneSimulator.Build.0 = Release|iPhoneSimulator
		{ED3324E9-C0C4-46C3-91A1-D46E3A06D8AC}.Debug|iPhone.ActiveCfg = Debug|iPhone
		{ED3324E9-C0C4-46C3-91A1-D46E3A06D8AC}.Debug|iPhone.Build.0 = Debug|iPhone
	EndGlobalSection
EndGlobal
